
Microsoft Visual Studio Solution File, Format Version 12.00
# Visual Studio 15
Project("{FAE04EC0-301F-11D3-BF4B-00C04F79EFBC}") = "Assembly-CSharp", "Assembly-CSharp.csproj", "{81B4576B-A35D-45EF-00C1-0074EBB7074D}"
EndProject
Project("{FAE04EC0-301F-11D3-BF4B-00C04F79EFBC}") = "Assembly-CSharp-Editor", "Assembly-CSharp-Editor.csproj", "{3C4E3A27-2C10-8F69-5D93-AC2E1004A974}"
EndProject
Global
	GlobalSection(SolutionConfigurationPlatforms) = preSolution
		Debug|Any CPU = Debug|Any CPU
		Release|Any CPU = Release|Any CPU
	EndGlobalSection
	GlobalSection(ProjectConfigurationPlatforms) = postSolution
		{81B4576B-A35D-45EF-00C1-0074EBB7074D}.Debug|Any CPU.ActiveCfg = Debug|Any CPU
		{81B4576B-A35D-45EF-00C1-0074EBB7074D}.Debug|Any CPU.Build.0 = Debug|Any CPU
		{81B4576B-A35D-45EF-00C1-0074EBB7074D}.Release|Any CPU.ActiveCfg = Release|Any CPU
		{81B4576B-A35D-45EF-00C1-0074EBB7074D}.Release|Any CPU.Build.0 = Release|Any CPU
		{3C4E3A27-2C10-8F69-5D93-AC2E1004A974}.Debug|Any CPU.ActiveCfg = Debug|Any CPU
		{3C4E3A27-2C10-8F69-5D93-AC2E1004A974}.Debug|Any CPU.Build.0 = Debug|Any CPU
		{3C4E3A27-2C10-8F69-5D93-AC2E1004A974}.Release|Any CPU.ActiveCfg = Release|Any CPU
		{3C4E3A27-2C10-8F69-5D93-AC2E1004A974}.Release|Any CPU.Build.0 = Release|Any CPU
	EndGlobalSection
	GlobalSection(SolutionProperties) = preSolution
		HideSolutionNode = FALSE
	EndGlobalSection
EndGlobal
